
Microsoft Visual Studio Solution File, Format Version 12.00
# Visual Studio Version 17
VisualStudioVersion = 17.14.36603.0 d17.14
MinimumVisualStudioVersion = 10.0.40219.1
Project("{FAE04EC0-301F-11D3-BF4B-00C04F79EFBC}") = "SegundoParcialWebApi", "SegundoParcialWebApi.csproj", "{22760675-5954-4F1D-BD24-19B1B48A828C}"
EndProject
Global
	GlobalSection(SolutionConfigurationPlatforms) = preSolution
		Debug|Any CPU = Debug|Any CPU
		Release|Any CPU = Release|Any CPU
	EndGlobalSection
	GlobalSection(ProjectConfigurationPlatforms) = postSolution
		{22760675-5954-4F1D-BD24-19B1B48A828C}.Debug|Any CPU.ActiveCfg = Debug|Any CPU
		{22760675-5954-4F1D-BD24-19B1B48A828C}.Debug|Any CPU.Build.0 = Debug|Any CPU
		{22760675-5954-4F1D-BD24-19B1B48A828C}.Release|Any CPU.ActiveCfg = Release|Any CPU
		{22760675-5954-4F1D-BD24-19B1B48A828C}.Release|Any CPU.Build.0 = Release|Any CPU
	EndGlobalSection
	GlobalSection(SolutionProperties) = preSolution
		HideSolutionNode = FALSE
	EndGlobalSection
	GlobalSection(ExtensibilityGlobals) = postSolution
		SolutionGuid = {7BF9ADEC-F5C2-4F4E-814E-4B5E033C074F}
	EndGlobalSection
EndGlobal
